
Microsoft Visual Studio Solution File, Format Version 12.00
# Visual Studio Version 16
VisualStudioVersion = 16.0.30503.244
MinimumVisualStudioVersion = 10.0.40219.1
Project("{FAE04EC0-301F-11D3-BF4B-00C04F79EFBC}") = "SimpleWebScraper", "SimpleWebScraper\SimpleWebScraper.csproj", "{B8C0C3CF-01B3-46A7-9F51-4EB27AE9FFA7}"
EndProject
Global
	GlobalSection(SolutionConfigurationPlatforms) = preSolution
		Debug|Any CPU = Debug|Any CPU
		Release|Any CPU = Release|Any CPU
	EndGlobalSection
	GlobalSection(ProjectConfigurationPlatforms) = postSolution
		{B8C0C3CF-01B3-46A7-9F51-4EB27AE9FFA7}.Debug|Any CPU.ActiveCfg = Debug|Any CPU
		{B8C0C3CF-01B3-46A7-9F51-4EB27AE9FFA7}.Debug|Any CPU.Build.0 = Debug|Any CPU
		{B8C0C3CF-01B3-46A7-9F51-4EB27AE9FFA7}.Release|Any CPU.ActiveCfg = Release|Any CPU
		{B8C0C3CF-01B3-46A7-9F51-4EB27AE9FFA7}.Release|Any CPU.Build.0 = Release|Any CPU
	EndGlobalSection
	GlobalSection(SolutionProperties) = preSolution
		HideSolutionNode = FALSE
	EndGlobalSection
	GlobalSection(ExtensibilityGlobals) = postSolution
		SolutionGuid = {75BC1564-6456-4E4E-BC94-FC0FB9401BB1}
	EndGlobalSection
EndGlobal
